// !$*UTF8*$!
{
	archiveVersion = 1;
	classes = {
	};
	objectVersion = 48;
	objects = {

/* Begin PBXBuildFile section */
		E7433DEE1F7E3FCA006204CB /* main.swift in Sources */ = {isa = PBXBuildFile; fileRef = E7433DED1F7E3FCA006204CB /* main.swift */; };
		E7433E021F7E47D9006204CB /* File.swift in Sources */ = {isa = PBXBuildFile; fileRef = E7433E011F7E47D9006204CB /* File.swift */; };
		E7433E041F7F3353006204CB /* _644MaximumAverageSubarrayII.swift in Sources */ = {isa = PBXBuildFile; fileRef = E7433E031F7F3353006204CB /* _644MaximumAverageSubarrayII.swift */; };
/* End PBXBuildFile section */

/* Begin PBXCopyFilesBuildPhase section */
		E7433DE81F7E3FCA006204CB /* CopyFiles */ = {
			isa = PBXCopyFilesBuildPhase;
			buildActionMask = 2147483647;
			dstPath = /usr/share/man/man1/;
			dstSubfolderSpec = 0;
			files = (
			);
			runOnlyForDeploymentPostprocessing = 1;
		};
/* End PBXCopyFilesBuildPhase section */

/* Begin PBXFileReference section */
		E7433DEA1F7E3FCA006204CB /* leetcode */ = {isa = PBXFileReference; explicitFileType = "compiled.mach-o.executable"; includeInIndex = 0; path = leetcode; sourceTree = BUILT_PRODUCTS_DIR; };
		E7433DED1F7E3FCA006204CB /* main.swift */ = {isa = PBXFileReference; lastKnownFileType = sourcecode.swift; path = main.swift; sourceTree = "<group>"; };
		E7433E011F7E47D9006204CB /* File.swift */ = {isa = PBXFileReference; lastKnownFileType = sourcecode.swift; path = File.swift; sourceTree = "<group>"; };
		E7433E031F7F3353006204CB /* _644MaximumAverageSubarrayII.swift */ = {isa = PBXFileReference; lastKnownFileType = sourcecode.swift; path = _644MaximumAverageSubarrayII.swift; sourceTree = "<group>"; };
/* End PBXFileReference section */

/* Begin PBXFrameworksBuildPhase section */
		E7433DE71F7E3FCA006204CB /* Frameworks */ = {
			isa = PBXFrameworksBuildPhase;
			buildActionMask = 2147483647;
			files = (
			);
			runOnlyForDeploymentPostprocessing = 0;
		};
/* End PBXFrameworksBuildPhase section */

/* Begin PBXGroup section */
		E7433DE11F7E3FCA006204CB = {
			isa = PBXGroup;
			children = (
				E7433DF81F7E4551006204CB /* _2017 */,
				E7433DEC1F7E3FCA006204CB /* leetcode */,
				E7433DEB1F7E3FCA006204CB /* Products */,
			);
			sourceTree = "<group>";
		};
		E7433DEB1F7E3FCA006204CB /* Products */ = {
			isa = PBXGroup;
			children = (
				E7433DEA1F7E3FCA006204CB /* leetcode */,
			);
			name = Products;
			sourceTree = "<group>";
		};
		E7433DEC1F7E3FCA006204CB /* leetcode */ = {
			isa = PBXGroup;
			children = (
				E7433DED1F7E3FCA006204CB /* main.swift */,
			);
			path = leetcode;
			sourceTree = "<group>";
		};
		E7433DF81F7E4551006204CB /* _2017 */ = {
			isa = PBXGroup;
			children = (
				E7433DFA1F7E4728006204CB /* August2017 */,
			);
			path = _2017;
			sourceTree = "<group>";
		};
		E7433DFA1F7E4728006204CB /* August2017 */ = {
			isa = PBXGroup;
			children = (
				E7433E001F7E4790006204CB /* Aug21st2017 */,
				E7433DFF1F7E477C006204CB /* Aug26th2017 */,
				E7433DFE1F7E4769006204CB /* Aug25th2017 */,
				E7433DFD1F7E4760006204CB /* Aug24th2017 */,
				E7433DFC1F7E474C006204CB /* Aug23rd2017 */,
				E7433DFB1F7E473F006204CB /* Aug22nd2017 */,
			);
			path = August2017;
			sourceTree = "<group>";
		};
		E7433DFB1F7E473F006204CB /* Aug22nd2017 */ = {
			isa = PBXGroup;
			children = (
			);
			path = Aug22nd2017;
			sourceTree = "<group>";
		};
		E7433DFC1F7E474C006204CB /* Aug23rd2017 */ = {
			isa = PBXGroup;
			children = (
			);
			path = Aug23rd2017;
			sourceTree = "<group>";
		};
		E7433DFD1F7E4760006204CB /* Aug24th2017 */ = {
			isa = PBXGroup;
			children = (
			);
			path = Aug24th2017;
			sourceTree = "<group>";
		};
		E7433DFE1F7E4769006204CB /* Aug25th2017 */ = {
			isa = PBXGroup;
			children = (
			);
			path = Aug25th2017;
			sourceTree = "<group>";
		};
		E7433DFF1F7E477C006204CB /* Aug26th2017 */ = {
			isa = PBXGroup;
			children = (
			);
			path = Aug26th2017;
			sourceTree = "<group>";
		};
		E7433E001F7E4790006204CB /* Aug21st2017 */ = {
			isa = PBXGroup;
			children = (
				E7433E011F7E47D9006204CB /* File.swift */,
				E7433E031F7F3353006204CB /* _644MaximumAverageSubarrayII.swift */,
			);
			path = Aug21st2017;
			sourceTree = "<group>";
		};
/* End PBXGroup section */

/* Begin PBXNativeTarget section */
		E7433DE91F7E3FCA006204CB /* leetcode */ = {
			isa = PBXNativeTarget;
			buildConfigurationList = E7433DF11F7E3FCA006204CB /* Build configuration list for PBXNativeTarget "leetcode" */;
			buildPhases = (
				E7433DE61F7E3FCA006204CB /* Sources */,
				E7433DE71F7E3FCA006204CB /* Frameworks */,
				E7433DE81F7E3FCA006204CB /* CopyFiles */,
			);
			buildRules = (
			);
			dependencies = (
			);
			name = leetcode;
			productName = leetcode;
			productReference = E7433DEA1F7E3FCA006204CB /* leetcode */;
			productType = "com.apple.product-type.tool";
		};
/* End PBXNativeTarget section */

/* Begin PBXProject section */
		E7433DE21F7E3FCA006204CB /* Project object */ = {
			isa = PBXProject;
			attributes = {
				LastSwiftUpdateCheck = 0900;
				LastUpgradeCheck = 0900;
				ORGANIZATIONNAME = "Junhao Zhang";
				TargetAttributes = {
					E7433DE91F7E3FCA006204CB = {
						CreatedOnToolsVersion = 9.0;
						ProvisioningStyle = Automatic;
					};
				};
			};
			buildConfigurationList = E7433DE51F7E3FCA006204CB /* Build configuration list for PBXProject "leetcode" */;
			compatibilityVersion = "Xcode 8.0";
			developmentRegion = en;
			hasScannedForEncodings = 0;
			knownRegions = (
				en,
			);
			mainGroup = E7433DE11F7E3FCA006204CB;
			productRefGroup = E7433DEB1F7E3FCA006204CB /* Products */;
			projectDirPath = "";
			projectRoot = "";
			targets = (
				E7433DE91F7E3FCA006204CB /* leetcode */,
			);
		};
/* End PBXProject section */

/* Begin PBXSourcesBuildPhase section */
		E7433DE61F7E3FCA006204CB /* Sources */ = {
			isa = PBXSourcesBuildPhase;
			buildActionMask = 2147483647;
			files = (
				E7433DEE1F7E3FCA006204CB /* main.swift in Sources */,
				E7433E021F7E47D9006204CB /* File.swift in Sources */,
				E7433E041F7F3353006204CB /* _644MaximumAverageSubarrayII.swift in Sources */,
			);
			runOnlyForDeploymentPostprocessing = 0;
		};
/* End PBXSourcesBuildPhase section */

/* Begin XCBuildConfiguration section */
		E7433DEF1F7E3FCA006204CB /* Debug */ = {
			isa = XCBuildConfiguration;
			buildSettings = {
				ALWAYS_SEARCH_USER_PATHS = NO;
				CLANG_ANALYZER_NONNULL = YES;
				CLANG_ANALYZER_NUMBER_OBJECT_CONVERSION = YES_AGGRESSIVE;
				CLANG_CXX_LANGUAGE_STANDARD = "gnu++14";
				CLANG_CXX_LIBRARY = "libc++";
				CLANG_ENABLE_MODULES = YES;
				CLANG_ENABLE_OBJC_ARC = YES;
				CLANG_WARN_BLOCK_CAPTURE_AUTORELEASING = YES;
				CLANG_WARN_BOOL_CONVERSION = YES;
				CLANG_WARN_COMMA = YES;
				CLANG_WARN_CONSTANT_CONVERSION = YES;
				CLANG_WARN_DIRECT_OBJC_ISA_USAGE = YES_ERROR;
				CLANG_WARN_DOCUMENTATION_COMMENTS = YES;
				CLANG_WARN_EMPTY_BODY = YES;
				CLANG_WARN_ENUM_CONVERSION = YES;
				CLANG_WARN_INFINITE_RECURSION = YES;
				CLANG_WARN_INT_CONVERSION = YES;
				CLANG_WARN_NON_LITERAL_NULL_CONVERSION = YES;
				CLANG_WARN_OBJC_LITERAL_CONVERSION = YES;
				CLANG_WARN_OBJC_ROOT_CLASS = YES_ERROR;
				CLANG_WARN_RANGE_LOOP_ANALYSIS = YES;
				CLANG_WARN_STRICT_PROTOTYPES = YES;
				CLANG_WARN_SUSPICIOUS_MOVE = YES;
				CLANG_WARN_UNGUARDED_AVAILABILITY = YES_AGGRESSIVE;
				CLANG_WARN_UNREACHABLE_CODE = YES;
				CLANG_WARN__DUPLICATE_METHOD_MATCH = YES;
				CODE_SIGN_IDENTITY = "-";
				COPY_PHASE_STRIP = NO;
				DEBUG_INFORMATION_FORMAT = dwarf;
				ENABLE_STRICT_OBJC_MSGSEND = YES;
				ENABLE_TESTABILITY = YES;
				GCC_C_LANGUAGE_STANDARD = gnu11;
				GCC_DYNAMIC_NO_PIC = NO;
				GCC_NO_COMMON_BLOCKS = YES;
				GCC_OPTIMIZATION_LEVEL = 0;
				GCC_PREPROCESSOR_DEFINITIONS = (
					"DEBUG=1",
					"$(inherited)",
				);
				GCC_WARN_64_TO_32_BIT_CONVERSION = YES;
				GCC_WARN_ABOUT_RETURN_TYPE = YES_ERROR;
				GCC_WARN_UNDECLARED_SELECTOR = YES;
				GCC_WARN_UNINITIALIZED_AUTOS = YES_AGGRESSIVE;
				GCC_WARN_UNUSED_FUNCTION = YES;
				GCC_WARN_UNUSED_VARIABLE = YES;
				MACOSX_DEPLOYMENT_TARGET = 10.12;
				MTL_ENABLE_DEBUG_INFO = YES;
				ONLY_ACTIVE_ARCH = YES;
				SDKROOT = macosx;
				SWIFT_ACTIVE_COMPILATION_CONDITIONS = DEBUG;
				SWIFT_OPTIMIZATION_LEVEL = "-Onone";
			};
			name = Debug;
		};
		E7433DF01F7E3FCA006204CB /* Release */ = {
			isa = XCBuildConfiguration;
			buildSettings = {
				ALWAYS_SEARCH_USER_PATHS = NO;
				CLANG_ANALYZER_NONNULL = YES;
				CLANG_ANALYZER_NUMBER_OBJECT_CONVERSION = YES_AGGRESSIVE;
				CLANG_CXX_LANGUAGE_STANDARD = "gnu++14";
				CLANG_CXX_LIBRARY = "libc++";
				CLANG_ENABLE_MODULES = YES;
				CLANG_ENABLE_OBJC_ARC = YES;
				CLANG_WARN_BLOCK_CAPTURE_AUTORELEASING = YES;
				CLANG_WARN_BOOL_CONVERSION = YES;
				CLANG_WARN_COMMA = YES;
				CLANG_WARN_CONSTANT_CONVERSION = YES;
				CLANG_WARN_DIRECT_OBJC_ISA_USAGE = YES_ERROR;
				CLANG_WARN_DOCUMENTATION_COMMENTS = YES;
				CLANG_WARN_EMPTY_BODY = YES;
				CLANG_WARN_ENUM_CONVERSION = YES;
				CLANG_WARN_INFINITE_RECURSION = YES;
				CLANG_WARN_INT_CONVERSION = YES;
				CLANG_WARN_NON_LITERAL_NULL_CONVERSION = YES;
				CLANG_WARN_OBJC_LITERAL_CONVERSION = YES;
				CLANG_WARN_OBJC_ROOT_CLASS = YES_ERROR;
				CLANG_WARN_RANGE_LOOP_ANALYSIS = YES;
				CLANG_WARN_STRICT_PROTOTYPES = YES;
				CLANG_WARN_SUSPICIOUS_MOVE = YES;
				CLANG_WARN_UNGUARDED_AVAILABILITY = YES_AGGRESSIVE;
				CLANG_WARN_UNREACHABLE_CODE = YES;
				CLANG_WARN__DUPLICATE_METHOD_MATCH = YES;
				CODE_SIGN_IDENTITY = "-";
				COPY_PHASE_STRIP = NO;
				DEBUG_INFORMATION_FORMAT = "dwarf-with-dsym";
				ENABLE_NS_ASSERTIONS = NO;
				ENABLE_STRICT_OBJC_MSGSEND = YES;
				GCC_C_LANGUAGE_STANDARD = gnu11;
				GCC_NO_COMMON_BLOCKS = YES;
				GCC_WARN_64_TO_32_BIT_CONVERSION = YES;
				GCC_WARN_ABOUT_RETURN_TYPE = YES_ERROR;
				GCC_WARN_UNDECLARED_SELECTOR = YES;
				GCC_WARN_UNINITIALIZED_AUTOS = YES_AGGRESSIVE;
				GCC_WARN_UNUSED_FUNCTION = YES;
				GCC_WARN_UNUSED_VARIABLE = YES;
				MACOSX_DEPLOYMENT_TARGET = 10.12;
				MTL_ENABLE_DEBUG_INFO = NO;
				SDKROOT = macosx;
				SWIFT_OPTIMIZATION_LEVEL = "-Owholemodule";
			};
			name = Release;
		};
		E7433DF21F7E3FCA006204CB /* Debug */ = {
			isa = XCBuildConfiguration;
			buildSettings = {
				CODE_SIGN_STYLE = Automatic;
				PRODUCT_NAME = "$(TARGET_NAME)";
				SWIFT_VERSION = 4.0;
			};
			name = Debug;
		};
		E7433DF31F7E3FCA006204CB /* Release */ = {
			isa = XCBuildConfiguration;
			buildSettings = {
				CODE_SIGN_STYLE = Automatic;
				PRODUCT_NAME = "$(TARGET_NAME)";
				SWIFT_VERSION = 4.0;
			};
			name = Release;
		};
/* End XCBuildConfiguration section */

/* Begin XCConfigurationList section */
		E7433DE51F7E3FCA006204CB /* Build configuration list for PBXProject "leetcode" */ = {
			isa = XCConfigurationList;
			buildConfigurations = (
				E7433DEF1F7E3FCA006204CB /* Debug */,
				E7433DF01F7E3FCA006204CB /* Release */,
			);
			defaultConfigurationIsVisible = 0;
			defaultConfigurationName = Release;
		};
		E7433DF11F7E3FCA006204CB /* Build configuration list for PBXNativeTarget "leetcode" */ = {
			isa = XCConfigurationList;
			buildConfigurations = (
				E7433DF21F7E3FCA006204CB /* Debug */,
				E7433DF31F7E3FCA006204CB /* Release */,
			);
			defaultConfigurationIsVisible = 0;
			defaultConfigurationName = Release;
		};
/* End XCConfigurationList section */
	};
	rootObject = E7433DE21F7E3FCA006204CB /* Project object */;
}
